
Microsoft Visual Studio Solution File, Format Version 12.00
# Visual Studio 14
VisualStudioVersion = 14.0.25420.1
MinimumVisualStudioVersion = 10.0.40219.1
Project("{8BC9CEB8-8B4A-11D0-8D11-00A0C91BC942}") = "01Subliminal Fortnite", "Subliminal-Fortnite\d3d11hook.vcxproj", "{119F3BCC-4D4E-4FDA-877E-A708963BB87A}"
EndProject
Project("{8BC9CEB8-8B4A-11D0-8D11-00A0C91BC942}") = "00TslGame_BATTLEGROUNDS", "BattlegroundsChams\TslGame_BATTLEGROUNDS.vcxproj", "{A10735E8-909A-42E7-805B-B1B3BD3BE762}"
EndProject
Project("{8BC9CEB8-8B4A-11D0-8D11-00A0C91BC942}") = "myTutorialD3D11_6", "..\..\myTutorialD3D11\myTutorialD3D11_6\myTutorialD3D11_6.vcxproj", "{B1608688-F9C9-4786-8E00-B37850099E9A}"
EndProject
Project("{8BC9CEB8-8B4A-11D0-8D11-00A0C91BC942}") = "hkOpenAdapter", "hkOpenAdapter\hkOpenAdapter\hkOpenAdapter.vcxproj", "{8EC4290A-5AD8-4F50-BD0C-5ACAE0F289DE}"
EndProject
Project("{8BC9CEB8-8B4A-11D0-8D11-00A0C91BC942}") = "ts002", "D3D9 N卡FPS游戏透视通用\ts002\ts002.vcxproj", "{A78F97CC-64A4-4621-8C29-F5508FDE5229}"
EndProject
Project("{8BC9CEB8-8B4A-11D0-8D11-00A0C91BC942}") = "CJ_Tool", "CJ_Tool\CJ_Tool\CJ_Tool.vcxproj", "{8654611A-C917-4DFD-A1E3-4D466ECA5855}"
EndProject
Global
	GlobalSection(SolutionConfigurationPlatforms) = preSolution
		Debug|x64 = Debug|x64
		Debug|x86 = Debug|x86
		Release|x64 = Release|x64
		Release|x86 = Release|x86
	EndGlobalSection
	GlobalSection(ProjectConfigurationPlatforms) = postSolution
		{119F3BCC-4D4E-4FDA-877E-A708963BB87A}.Debug|x64.ActiveCfg = Debug|x64
		{119F3BCC-4D4E-4FDA-877E-A708963BB87A}.Debug|x64.Build.0 = Debug|x64
		{119F3BCC-4D4E-4FDA-877E-A708963BB87A}.Debug|x86.ActiveCfg = Debug|Win32
		{119F3BCC-4D4E-4FDA-877E-A708963BB87A}.Debug|x86.Build.0 = Debug|Win32
		{119F3BCC-4D4E-4FDA-877E-A708963BB87A}.Release|x64.ActiveCfg = Release|x64
		{119F3BCC-4D4E-4FDA-877E-A708963BB87A}.Release|x64.Build.0 = Release|x64
		{119F3BCC-4D4E-4FDA-877E-A708963BB87A}.Release|x86.ActiveCfg = Release|Win32
		{119F3BCC-4D4E-4FDA-877E-A708963BB87A}.Release|x86.Build.0 = Release|Win32
		{A10735E8-909A-42E7-805B-B1B3BD3BE762}.Debug|x64.ActiveCfg = Debug|x64
		{A10735E8-909A-42E7-805B-B1B3BD3BE762}.Debug|x64.Build.0 = Debug|x64
		{A10735E8-909A-42E7-805B-B1B3BD3BE762}.Debug|x86.ActiveCfg = Debug|Win32
		{A10735E8-909A-42E7-805B-B1B3BD3BE762}.Debug|x86.Build.0 = Debug|Win32
		{A10735E8-909A-42E7-805B-B1B3BD3BE762}.Release|x64.ActiveCfg = Release|x64
		{A10735E8-909A-42E7-805B-B1B3BD3BE762}.Release|x64.Build.0 = Release|x64
		{A10735E8-909A-42E7-805B-B1B3BD3BE762}.Release|x86.ActiveCfg = Release|Win32
		{A10735E8-909A-42E7-805B-B1B3BD3BE762}.Release|x86.Build.0 = Release|Win32
		{B1608688-F9C9-4786-8E00-B37850099E9A}.Debug|x64.ActiveCfg = Debug|Win32
		{B1608688-F9C9-4786-8E00-B37850099E9A}.Debug|x86.ActiveCfg = Debug|Win32
		{B1608688-F9C9-4786-8E00-B37850099E9A}.Debug|x86.Build.0 = Debug|Win32
		{B1608688-F9C9-4786-8E00-B37850099E9A}.Release|x64.ActiveCfg = Release|Win32
		{B1608688-F9C9-4786-8E00-B37850099E9A}.Release|x86.ActiveCfg = Release|Win32
		{B1608688-F9C9-4786-8E00-B37850099E9A}.Release|x86.Build.0 = Release|Win32
		{8EC4290A-5AD8-4F50-BD0C-5ACAE0F289DE}.Debug|x64.ActiveCfg = Debug|x64
		{8EC4290A-5AD8-4F50-BD0C-5ACAE0F289DE}.Debug|x64.Build.0 = Debug|x64
		{8EC4290A-5AD8-4F50-BD0C-5ACAE0F289DE}.Debug|x86.ActiveCfg = Debug|Win32
		{8EC4290A-5AD8-4F50-BD0C-5ACAE0F289DE}.Debug|x86.Build.0 = Debug|Win32
		{8EC4290A-5AD8-4F50-BD0C-5ACAE0F289DE}.Release|x64.ActiveCfg = Release|x64
		{8EC4290A-5AD8-4F50-BD0C-5ACAE0F289DE}.Release|x64.Build.0 = Release|x64
		{8EC4290A-5AD8-4F50-BD0C-5ACAE0F289DE}.Release|x86.ActiveCfg = Release|Win32
		{8EC4290A-5AD8-4F50-BD0C-5ACAE0F289DE}.Release|x86.Build.0 = Release|Win32
		{A78F97CC-64A4-4621-8C29-F5508FDE5229}.Debug|x64.ActiveCfg = Debug|Win32
		{A78F97CC-64A4-4621-8C29-F5508FDE5229}.Debug|x86.ActiveCfg = Debug|Win32
		{A78F97CC-64A4-4621-8C29-F5508FDE5229}.Debug|x86.Build.0 = Debug|Win32
		{A78F97CC-64A4-4621-8C29-F5508FDE5229}.Release|x64.ActiveCfg = Release|Win32
		{A78F97CC-64A4-4621-8C29-F5508FDE5229}.Release|x86.ActiveCfg = Release|Win32
		{A78F97CC-64A4-4621-8C29-F5508FDE5229}.Release|x86.Build.0 = Release|Win32
		{8654611A-C917-4DFD-A1E3-4D466ECA5855}.Debug|x64.ActiveCfg = Debug|x64
		{8654611A-C917-4DFD-A1E3-4D466ECA5855}.Debug|x64.Build.0 = Debug|x64
		{8654611A-C917-4DFD-A1E3-4D466ECA5855}.Debug|x86.ActiveCfg = Debug|Win32
		{8654611A-C917-4DFD-A1E3-4D466ECA5855}.Debug|x86.Build.0 = Debug|Win32
		{8654611A-C917-4DFD-A1E3-4D466ECA5855}.Release|x64.ActiveCfg = Release|x64
		{8654611A-C917-4DFD-A1E3-4D466ECA5855}.Release|x64.Build.0 = Release|x64
		{8654611A-C917-4DFD-A1E3-4D466ECA5855}.Release|x86.ActiveCfg = Release|Win32
		{8654611A-C917-4DFD-A1E3-4D466ECA5855}.Release|x86.Build.0 = Release|Win32
	EndGlobalSection
	GlobalSection(SolutionProperties) = preSolution
		HideSolutionNode = FALSE
	EndGlobalSection
EndGlobal
