
Microsoft Visual Studio Solution File, Format Version 11.00
# Visual Studio 2010
Project("{8BC9CEB8-8B4A-11D0-8D11-00A0C91BC942}") = "d3d11Picking", "d3d11Picking\d3d11Picking.vcxproj", "{17CFF5AC-8155-4C72-9D5B-A07B0EF9817B}"
EndProject
Global
	GlobalSection(SolutionConfigurationPlatforms) = preSolution
		Debug|Win32 = Debug|Win32
		Release|Win32 = Release|Win32
	EndGlobalSection
	GlobalSection(ProjectConfigurationPlatforms) = postSolution
		{17CFF5AC-8155-4C72-9D5B-A07B0EF9817B}.Debug|Win32.ActiveCfg = Debug|Win32
		{17CFF5AC-8155-4C72-9D5B-A07B0EF9817B}.Debug|Win32.Build.0 = Debug|Win32
		{17CFF5AC-8155-4C72-9D5B-A07B0EF9817B}.Release|Win32.ActiveCfg = Release|Win32
		{17CFF5AC-8155-4C72-9D5B-A07B0EF9817B}.Release|Win32.Build.0 = Release|Win32
	EndGlobalSection
	GlobalSection(SolutionProperties) = preSolution
		HideSolutionNode = FALSE
	EndGlobalSection
EndGlobal
