<?xml version="1.0" encoding="utf-8"?>
<Project ToolsVersion="4.0" xmlns="http://schemas.microsoft.com/developer/msbuild/2003">
  <ItemGroup>
    <ClCompile Include="dllmain.cpp" />
    <ClCompile Include="CCheat.cpp" />
    <ClCompile Include="Helpers.cpp" />
    <ClCompile Include="Hooks.cpp" />
    <ClCompile Include="stdafx.cpp" />
    <ClCompile Include="FW1FontWrapper\CFW1ColorRGBA.cpp">
      <Filter>3rd\FW1FontWrapper</Filter>
    </ClCompile>
    <ClCompile Include="FW1FontWrapper\CFW1ColorRGBAInterface.cpp">
      <Filter>3rd\FW1FontWrapper</Filter>
    </ClCompile>
    <ClCompile Include="FW1FontWrapper\CFW1DWriteRenderTarget.cpp">
      <Filter>3rd\FW1FontWrapper</Filter>
    </ClCompile>
    <ClCompile Include="FW1FontWrapper\CFW1DWriteRenderTargetInterface.cpp">
      <Filter>3rd\FW1FontWrapper</Filter>
    </ClCompile>
    <ClCompile Include="FW1FontWrapper\CFW1Factory.cpp">
      <Filter>3rd\FW1FontWrapper</Filter>
    </ClCompile>
    <ClCompile Include="FW1FontWrapper\CFW1FactoryInterface.cpp">
      <Filter>3rd\FW1FontWrapper</Filter>
    </ClCompile>
    <ClCompile Include="FW1FontWrapper\CFW1FontWrapper.cpp">
      <Filter>3rd\FW1FontWrapper</Filter>
    </ClCompile>
    <ClCompile Include="FW1FontWrapper\CFW1FontWrapperInterface.cpp">
      <Filter>3rd\FW1FontWrapper</Filter>
    </ClCompile>
    <ClCompile Include="FW1FontWrapper\CFW1GlyphAtlas.cpp">
      <Filter>3rd\FW1FontWrapper</Filter>
    </ClCompile>
    <ClCompile Include="FW1FontWrapper\CFW1GlyphAtlasInterface.cpp">
      <Filter>3rd\FW1FontWrapper</Filter>
    </ClCompile>
    <ClCompile Include="FW1FontWrapper\CFW1GlyphProvider.cpp">
      <Filter>3rd\FW1FontWrapper</Filter>
    </ClCompile>
    <ClCompile Include="FW1FontWrapper\CFW1GlyphProviderInterface.cpp">
      <Filter>3rd\FW1FontWrapper</Filter>
    </ClCompile>
    <ClCompile Include="FW1FontWrapper\CFW1GlyphRenderStates.cpp">
      <Filter>3rd\FW1FontWrapper</Filter>
    </ClCompile>
    <ClCompile Include="FW1FontWrapper\CFW1GlyphRenderStatesInterface.cpp">
      <Filter>3rd\FW1FontWrapper</Filter>
    </ClCompile>
    <ClCompile Include="FW1FontWrapper\CFW1GlyphSheet.cpp">
      <Filter>3rd\FW1FontWrapper</Filter>
    </ClCompile>
    <ClCompile Include="FW1FontWrapper\CFW1GlyphSheetInterface.cpp">
      <Filter>3rd\FW1FontWrapper</Filter>
    </ClCompile>
    <ClCompile Include="FW1FontWrapper\CFW1GlyphVertexDrawer.cpp">
      <Filter>3rd\FW1FontWrapper</Filter>
    </ClCompile>
    <ClCompile Include="FW1FontWrapper\CFW1GlyphVertexDrawerInterface.cpp">
      <Filter>3rd\FW1FontWrapper</Filter>
    </ClCompile>
    <ClCompile Include="FW1FontWrapper\CFW1StateSaver.cpp">
      <Filter>3rd\FW1FontWrapper</Filter>
    </ClCompile>
    <ClCompile Include="FW1FontWrapper\CFW1TextGeometry.cpp">
      <Filter>3rd\FW1FontWrapper</Filter>
    </ClCompile>
    <ClCompile Include="FW1FontWrapper\CFW1TextGeometryInterface.cpp">
      <Filter>3rd\FW1FontWrapper</Filter>
    </ClCompile>
    <ClCompile Include="FW1FontWrapper\CFW1TextRenderer.cpp">
      <Filter>3rd\FW1FontWrapper</Filter>
    </ClCompile>
    <ClCompile Include="FW1FontWrapper\CFW1TextRendererInterface.cpp">
      <Filter>3rd\FW1FontWrapper</Filter>
    </ClCompile>
    <ClCompile Include="FW1FontWrapper\FW1FontWrapper.cpp">
      <Filter>3rd\FW1FontWrapper</Filter>
    </ClCompile>
    <ClCompile Include="FW1FontWrapper\FW1Precompiled.cpp">
      <Filter>3rd\FW1FontWrapper</Filter>
    </ClCompile>
    <ClCompile Include="HooksNew.cpp" />
  </ItemGroup>
  <ItemGroup>
    <ClInclude Include="CCheat.h" />
    <ClInclude Include="Helpers.h" />
    <ClInclude Include="Hooks.h" />
    <ClInclude Include="SDK.hpp" />
    <ClInclude Include="stdafx.h" />
    <ClInclude Include="targetver.h" />
    <ClInclude Include="FW1FontWrapper\CFW1ColorRGBA.h">
      <Filter>3rd\FW1FontWrapper</Filter>
    </ClInclude>
    <ClInclude Include="FW1FontWrapper\CFW1DWriteRenderTarget.h">
      <Filter>3rd\FW1FontWrapper</Filter>
    </ClInclude>
    <ClInclude Include="FW1FontWrapper\CFW1Factory.h">
      <Filter>3rd\FW1FontWrapper</Filter>
    </ClInclude>
    <ClInclude Include="FW1FontWrapper\CFW1FontWrapper.h">
      <Filter>3rd\FW1FontWrapper</Filter>
    </ClInclude>
    <ClInclude Include="FW1FontWrapper\CFW1GlyphAtlas.h">
      <Filter>3rd\FW1FontWrapper</Filter>
    </ClInclude>
    <ClInclude Include="FW1FontWrapper\CFW1GlyphProvider.h">
      <Filter>3rd\FW1FontWrapper</Filter>
    </ClInclude>
    <ClInclude Include="FW1FontWrapper\CFW1GlyphRenderStates.h">
      <Filter>3rd\FW1FontWrapper</Filter>
    </ClInclude>
    <ClInclude Include="FW1FontWrapper\CFW1GlyphSheet.h">
      <Filter>3rd\FW1FontWrapper</Filter>
    </ClInclude>
    <ClInclude Include="FW1FontWrapper\CFW1GlyphVertexDrawer.h">
      <Filter>3rd\FW1FontWrapper</Filter>
    </ClInclude>
    <ClInclude Include="FW1FontWrapper\CFW1Object.h">
      <Filter>3rd\FW1FontWrapper</Filter>
    </ClInclude>
    <ClInclude Include="FW1FontWrapper\CFW1StateSaver.h">
      <Filter>3rd\FW1FontWrapper</Filter>
    </ClInclude>
    <ClInclude Include="FW1FontWrapper\CFW1TextGeometry.h">
      <Filter>3rd\FW1FontWrapper</Filter>
    </ClInclude>
    <ClInclude Include="FW1FontWrapper\CFW1TextRenderer.h">
      <Filter>3rd\FW1FontWrapper</Filter>
    </ClInclude>
    <ClInclude Include="FW1FontWrapper\FW1CompileSettings.h">
      <Filter>3rd\FW1FontWrapper</Filter>
    </ClInclude>
    <ClInclude Include="FW1FontWrapper\FW1FontWrapper.h">
      <Filter>3rd\FW1FontWrapper</Filter>
    </ClInclude>
    <ClInclude Include="FW1FontWrapper\FW1Precompiled.h">
      <Filter>3rd\FW1FontWrapper</Filter>
    </ClInclude>
    <ClInclude Include="mainxxx.h" />
  </ItemGroup>
  <ItemGroup>
    <Text Include="..\0_rec.txt" />
    <Text Include="ReadMe.txt" />
    <Text Include="..\0_Todo.txt" />
  </ItemGroup>
  <ItemGroup>
    <Filter Include="3rd">
      <UniqueIdentifier>{ef76cff9-db48-4eca-85ff-620fe6eba7fa}</UniqueIdentifier>
    </Filter>
    <Filter Include="3rd\FW1FontWrapper">
      <UniqueIdentifier>{58b962ac-56b6-47d8-8b92-2d7cedb1654d}</UniqueIdentifier>
    </Filter>
    <Filter Include="TxT">
      <UniqueIdentifier>{0b063d82-dc31-4dc0-ab2f-95976a87819e}</UniqueIdentifier>
    </Filter>
  </ItemGroup>
</Project>